
Microsoft Visual Studio Solution File, Format Version 12.00
# Visual Studio 14
VisualStudioVersion = 14.0.25420.1
MinimumVisualStudioVersion = 10.0.40219.1
Project("{FAE04EC0-301F-11D3-BF4B-00C04F79EFBC}") = "bithumb", "bithumb\bithumb.csproj", "{9C734631-4384-4158-B45D-40954EFC6A0C}"
EndProject
Project("{FAE04EC0-301F-11D3-BF4B-00C04F79EFBC}") = "sqlbot", "sqlbot\sqlbot.csproj", "{ED43FA3B-C9BB-48C3-A3C5-BF4CA04D003C}"
EndProject
Global
	GlobalSection(SolutionConfigurationPlatforms) = preSolution
		Debug|Any CPU = Debug|Any CPU
		Release|Any CPU = Release|Any CPU
	EndGlobalSection
	GlobalSection(ProjectConfigurationPlatforms) = postSolution
		{9C734631-4384-4158-B45D-40954EFC6A0C}.Debug|Any CPU.ActiveCfg = Debug|Any CPU
		{9C734631-4384-4158-B45D-40954EFC6A0C}.Debug|Any CPU.Build.0 = Debug|Any CPU
		{9C734631-4384-4158-B45D-40954EFC6A0C}.Release|Any CPU.ActiveCfg = Release|Any CPU
		{9C734631-4384-4158-B45D-40954EFC6A0C}.Release|Any CPU.Build.0 = Release|Any CPU
		{ED43FA3B-C9BB-48C3-A3C5-BF4CA04D003C}.Debug|Any CPU.ActiveCfg = Debug|Any CPU
		{ED43FA3B-C9BB-48C3-A3C5-BF4CA04D003C}.Debug|Any CPU.Build.0 = Debug|Any CPU
		{ED43FA3B-C9BB-48C3-A3C5-BF4CA04D003C}.Release|Any CPU.ActiveCfg = Release|Any CPU
		{ED43FA3B-C9BB-48C3-A3C5-BF4CA04D003C}.Release|Any CPU.Build.0 = Release|Any CPU
	EndGlobalSection
	GlobalSection(SolutionProperties) = preSolution
		HideSolutionNode = FALSE
	EndGlobalSection
EndGlobal
